Microsoft Visual Studio Solution File, Format Version 11.00
# Visual Studio 2008

Project("{A0AEA1B7-4C71-FDCD-F2D9-72F57CE120C6}") = "tutorial stuff 1", "Assembly-CSharp.csproj", "{BC7A435B-A1F9-B05D-1EAB-916D20B72757}"
EndProject
Project("{A0AEA1B7-4C71-FDCD-F2D9-72F57CE120C6}") = "tutorial stuff 1", "Assembly-CSharp-Editor.csproj", "{4F7206C2-A9E8-0719-A88D-B0085D2C5A51}"
EndProject
Project("{A0AEA1B7-4C71-FDCD-F2D9-72F57CE120C6}") = "tutorial stuff 1", "Assembly-UnityScript.unityproj", "{3B2BEE7F-1B70-0325-5654-EF7FA63DC0C2}"
EndProject
Project("{A0AEA1B7-4C71-FDCD-F2D9-72F57CE120C6}") = "tutorial stuff 1", "Assembly-UnityScript-Editor.unityproj", "{9F1C2426-8D53-C3D9-76ED-DA9B19832814}"
EndProject
Global
	GlobalSection(SolutionConfigurationPlatforms) = preSolution
		Debug|Any CPU = Debug|Any CPU
		Release|Any CPU = Release|Any CPU
	EndGlobalSection
	GlobalSection(ProjectConfigurationPlatforms) = postSolution
		{BC7A435B-A1F9-B05D-1EAB-916D20B72757}.Debug|Any CPU.ActiveCfg = Debug|Any CPU
		{BC7A435B-A1F9-B05D-1EAB-916D20B72757}.Debug|Any CPU.Build.0 = Debug|Any CPU
		{BC7A435B-A1F9-B05D-1EAB-916D20B72757}.Release|Any CPU.ActiveCfg = Release|Any CPU
		{BC7A435B-A1F9-B05D-1EAB-916D20B72757}.Release|Any CPU.Build.0 = Release|Any CPU
		{4F7206C2-A9E8-0719-A88D-B0085D2C5A51}.Debug|Any CPU.ActiveCfg = Debug|Any CPU
		{4F7206C2-A9E8-0719-A88D-B0085D2C5A51}.Debug|Any CPU.Build.0 = Debug|Any CPU
		{4F7206C2-A9E8-0719-A88D-B0085D2C5A51}.Release|Any CPU.ActiveCfg = Release|Any CPU
		{4F7206C2-A9E8-0719-A88D-B0085D2C5A51}.Release|Any CPU.Build.0 = Release|Any CPU
		{3B2BEE7F-1B70-0325-5654-EF7FA63DC0C2}.Debug|Any CPU.ActiveCfg = Debug|Any CPU
		{3B2BEE7F-1B70-0325-5654-EF7FA63DC0C2}.Debug|Any CPU.Build.0 = Debug|Any CPU
		{3B2BEE7F-1B70-0325-5654-EF7FA63DC0C2}.Release|Any CPU.ActiveCfg = Release|Any CPU
		{3B2BEE7F-1B70-0325-5654-EF7FA63DC0C2}.Release|Any CPU.Build.0 = Release|Any CPU
		{9F1C2426-8D53-C3D9-76ED-DA9B19832814}.Debug|Any CPU.ActiveCfg = Debug|Any CPU
		{9F1C2426-8D53-C3D9-76ED-DA9B19832814}.Debug|Any CPU.Build.0 = Debug|Any CPU
		{9F1C2426-8D53-C3D9-76ED-DA9B19832814}.Release|Any CPU.ActiveCfg = Release|Any CPU
		{9F1C2426-8D53-C3D9-76ED-DA9B19832814}.Release|Any CPU.Build.0 = Release|Any CPU
	EndGlobalSection
	GlobalSection(SolutionProperties) = preSolution
		HideSolutionNode = FALSE
	EndGlobalSection
								GlobalSection(MonoDevelopProperties) = preSolution
		StartupItem = Assembly-CSharp.csproj
		Policies = $0
		$0.TextStylePolicy = $1
		$1.inheritsSet = null
		$1.scope = text/x-csharp
		$0.CSharpFormattingPolicy = $2
		$2.inheritsSet = Mono
		$2.inheritsScope = text/x-csharp
		$2.scope = text/x-csharp
		$0.TextStylePolicy = $3
		$3.FileWidth = 120
		$3.TabWidth = 4
		$3.IndentWidth = 4
		$3.EolMarker = Unix
		$3.inheritsSet = Mono
		$3.inheritsScope = text/plain
		$3.scope = text/plain
	EndGlobalSection

EndGlobal
